
Microsoft Visual Studio Solution File, Format Version 12.00
# Visual Studio Version 17
VisualStudioVersion = 17.10.35013.160
MinimumVisualStudioVersion = 10.0.40219.1
Project("{888888A0-9F3D-457C-B088-3A5042F75D52}") = "Regression", "Regression.pyproj", "{BCE8A796-D6F2-4B16-949F-17A33BCDEE99}"
EndProject
Global
	GlobalSection(SolutionConfigurationPlatforms) = preSolution
		Debug|Any CPU = Debug|Any CPU
		Release|Any CPU = Release|Any CPU
	EndGlobalSection
	GlobalSection(ProjectConfigurationPlatforms) = postSolution
		{BCE8A796-D6F2-4B16-949F-17A33BCDEE99}.Debug|Any CPU.ActiveCfg = Debug|Any CPU
		{BCE8A796-D6F2-4B16-949F-17A33BCDEE99}.Release|Any CPU.ActiveCfg = Release|Any CPU
	EndGlobalSection
	GlobalSection(SolutionProperties) = preSolution
		HideSolutionNode = FALSE
	EndGlobalSection
	GlobalSection(ExtensibilityGlobals) = postSolution
		SolutionGuid = {8C1957B4-C528-4D88-91B9-3601CDF46C55}
	EndGlobalSection
EndGlobal
